
Microsoft Visual Studio Solution File, Format Version 12.00
# Visual Studio Version 16
VisualStudioVersion = 25.0.1705.5
MinimumVisualStudioVersion = 10.0.40219.1
Project("{FAE04EC0-301F-11D3-BF4B-00C04F79EFBC}") = "Learning.Consumer", "Learning.Consumer\Learning.Consumer.csproj", "{882724ED-01E0-425E-B1BF-5E8F8B0D9C64}"
EndProject
Global
	GlobalSection(SolutionConfigurationPlatforms) = preSolution
		Debug|Any CPU = Debug|Any CPU
		Release|Any CPU = Release|Any CPU
	EndGlobalSection
	GlobalSection(ProjectConfigurationPlatforms) = postSolution
		{882724ED-01E0-425E-B1BF-5E8F8B0D9C64}.Debug|Any CPU.ActiveCfg = Debug|Any CPU
		{882724ED-01E0-425E-B1BF-5E8F8B0D9C64}.Debug|Any CPU.Build.0 = Debug|Any CPU
		{882724ED-01E0-425E-B1BF-5E8F8B0D9C64}.Release|Any CPU.ActiveCfg = Release|Any CPU
		{882724ED-01E0-425E-B1BF-5E8F8B0D9C64}.Release|Any CPU.Build.0 = Release|Any CPU
	EndGlobalSection
	GlobalSection(SolutionProperties) = preSolution
		HideSolutionNode = FALSE
	EndGlobalSection
	GlobalSection(ExtensibilityGlobals) = postSolution
		SolutionGuid = {C8115766-482D-4AFD-865A-24714F84DDAF}
	EndGlobalSection
EndGlobal
